
Microsoft Visual Studio Solution File, Format Version 12.00
# Visual Studio Version 17
VisualStudioVersion = 17.1.31911.260
MinimumVisualStudioVersion = 10.0.40219.1
Project("{FAE04EC0-301F-11D3-BF4B-00C04F79EFBC}") = "WebERPAPI", "WebERPAPI\WebERPAPI.csproj", "{90E7910E-4A43-4C22-9701-C206EBF50A9A}"
	ProjectSection(ProjectDependencies) = postProject
		{F0191404-F7F1-40FF-A50A-BF6CB05F7723} = {F0191404-F7F1-40FF-A50A-BF6CB05F7723}
		{A9CC2959-09E2-4B04-84E2-39323CB693E2} = {A9CC2959-09E2-4B04-84E2-39323CB693E2}
		{4EF4308D-44A5-4E05-A3AE-9507A16FF81D} = {4EF4308D-44A5-4E05-A3AE-9507A16FF81D}
		{957DCDB8-090D-47ED-BCBF-7DA6C4E4EBB5} = {957DCDB8-090D-47ED-BCBF-7DA6C4E4EBB5}
	EndProjectSection
EndProject
Project("{FAE04EC0-301F-11D3-BF4B-00C04F79EFBC}") = "WebERPAPI.Data", "WebERPAPI.Data\WebERPAPI.Data.csproj", "{957DCDB8-090D-47ED-BCBF-7DA6C4E4EBB5}"
EndProject
Project("{FAE04EC0-301F-11D3-BF4B-00C04F79EFBC}") = "WebERPAPI.Library", "WebERPAPI.Library\WebERPAPI.Library.csproj", "{A9CC2959-09E2-4B04-84E2-39323CB693E2}"
EndProject
Project("{FAE04EC0-301F-11D3-BF4B-00C04F79EFBC}") = "WebERPAPI.BusinessLogic", "WebERPAPI.BusinessLogic\WebERPAPI.BusinessLogic.csproj", "{4EF4308D-44A5-4E05-A3AE-9507A16FF81D}"
EndProject
Project("{FAE04EC0-301F-11D3-BF4B-00C04F79EFBC}") = "WebERPAPI.DTO", "WebERPAPI.DTO\WebERPAPI.DTO.csproj", "{F0191404-F7F1-40FF-A50A-BF6CB05F7723}"
EndProject
Project("{2150E333-8FDC-42A3-9474-1A3956D46DE8}") = "Source", "Source", "{7464D7A6-8472-41CE-8787-99BB76FFD09C}"
EndProject
Global
	GlobalSection(SolutionConfigurationPlatforms) = preSolution
		Debug|Any CPU = Debug|Any CPU
		Release|Any CPU = Release|Any CPU
	EndGlobalSection
	GlobalSection(ProjectConfigurationPlatforms) = postSolution
		{90E7910E-4A43-4C22-9701-C206EBF50A9A}.Debug|Any CPU.ActiveCfg = Debug|Any CPU
		{90E7910E-4A43-4C22-9701-C206EBF50A9A}.Debug|Any CPU.Build.0 = Debug|Any CPU
		{90E7910E-4A43-4C22-9701-C206EBF50A9A}.Release|Any CPU.ActiveCfg = Release|Any CPU
		{90E7910E-4A43-4C22-9701-C206EBF50A9A}.Release|Any CPU.Build.0 = Release|Any CPU
		{957DCDB8-090D-47ED-BCBF-7DA6C4E4EBB5}.Debug|Any CPU.ActiveCfg = Debug|Any CPU
		{957DCDB8-090D-47ED-BCBF-7DA6C4E4EBB5}.Debug|Any CPU.Build.0 = Debug|Any CPU
		{957DCDB8-090D-47ED-BCBF-7DA6C4E4EBB5}.Release|Any CPU.ActiveCfg = Release|Any CPU
		{957DCDB8-090D-47ED-BCBF-7DA6C4E4EBB5}.Release|Any CPU.Build.0 = Release|Any CPU
		{A9CC2959-09E2-4B04-84E2-39323CB693E2}.Debug|Any CPU.ActiveCfg = Debug|Any CPU
		{A9CC2959-09E2-4B04-84E2-39323CB693E2}.Debug|Any CPU.Build.0 = Debug|Any CPU
		{A9CC2959-09E2-4B04-84E2-39323CB693E2}.Release|Any CPU.ActiveCfg = Release|Any CPU
		{A9CC2959-09E2-4B04-84E2-39323CB693E2}.Release|Any CPU.Build.0 = Release|Any CPU
		{4EF4308D-44A5-4E05-A3AE-9507A16FF81D}.Debug|Any CPU.ActiveCfg = Debug|Any CPU
		{4EF4308D-44A5-4E05-A3AE-9507A16FF81D}.Debug|Any CPU.Build.0 = Debug|Any CPU
		{4EF4308D-44A5-4E05-A3AE-9507A16FF81D}.Release|Any CPU.ActiveCfg = Release|Any CPU
		{4EF4308D-44A5-4E05-A3AE-9507A16FF81D}.Release|Any CPU.Build.0 = Release|Any CPU
		{F0191404-F7F1-40FF-A50A-BF6CB05F7723}.Debug|Any CPU.ActiveCfg = Debug|Any CPU
		{F0191404-F7F1-40FF-A50A-BF6CB05F7723}.Debug|Any CPU.Build.0 = Debug|Any CPU
		{F0191404-F7F1-40FF-A50A-BF6CB05F7723}.Release|Any CPU.ActiveCfg = Release|Any CPU
		{F0191404-F7F1-40FF-A50A-BF6CB05F7723}.Release|Any CPU.Build.0 = Release|Any CPU
	EndGlobalSection
	GlobalSection(SolutionProperties) = preSolution
		HideSolutionNode = FALSE
	EndGlobalSection
	GlobalSection(NestedProjects) = preSolution
		{90E7910E-4A43-4C22-9701-C206EBF50A9A} = {7464D7A6-8472-41CE-8787-99BB76FFD09C}
		{957DCDB8-090D-47ED-BCBF-7DA6C4E4EBB5} = {7464D7A6-8472-41CE-8787-99BB76FFD09C}
		{A9CC2959-09E2-4B04-84E2-39323CB693E2} = {7464D7A6-8472-41CE-8787-99BB76FFD09C}
		{4EF4308D-44A5-4E05-A3AE-9507A16FF81D} = {7464D7A6-8472-41CE-8787-99BB76FFD09C}
		{F0191404-F7F1-40FF-A50A-BF6CB05F7723} = {7464D7A6-8472-41CE-8787-99BB76FFD09C}
	EndGlobalSection
	GlobalSection(ExtensibilityGlobals) = postSolution
		SolutionGuid = {5C1A937D-3140-4EB1-B1D5-822D1B64B0E6}
	EndGlobalSection
EndGlobal
